PODS:
  - Alamofire (4.9.1)
  - AsyncSwift (2.0.4)
  - Moya (13.0.1):
    - Moya/Core (= 13.0.1)
  - Moya/Core (13.0.1):
    - Alamofire (~> 4.1)
    - Result (~> 4.1)
  - Result (4.1.0)
  - SwiftyJSON (5.0.0)
  - ZKProgressHUD (5.1)

DEPENDENCIES:
  - AsyncSwift
  - Moya
  - SwiftyJSON
  - ZKProgressHUD

SPEC REPOS:
  https://github.com/CocoaPods/Specs.git:
    - Alamofire
    - AsyncSwift
    - Moya
    - Result
    - SwiftyJSON
    - ZKProgressHUD

SPEC CHECKSUMS:
  Alamofire: 85e8a02c69d6020a0d734f6054870d7ecb75cf18
  AsyncSwift: 65775a7b32e740609b24969ece3de58723b9dc3e
  Moya: f4a4b80ff2f8a4ffc208dfb31cd91636622fee6e
  Result: bd966fac789cc6c1563440b348ab2598cc24d5c7
  SwiftyJSON: 36413e04c44ee145039d332b4f4e2d3e8d6c4db7
  ZKProgressHUD: 60b25b87e75aa988e2711b8a1c66088ee39d9665

PODFILE CHECKSUM: b601d652a72c562968684951031fbdd31285f636

COCOAPODS: 1.9.0.beta.2
